Microsoft Visual Studio Solution File, Format Version 12.00
# Visual Studio 15
VisualStudioVersion = 15.0.27004.2005
MinimumVisualStudioVersion = 10.0.40219.1
Project("{9A19103F-16F7-4668-BE54-9A1E7A4F7556}") = "DinkumCoin.Wallet.Lambda", "src\DinkumCoin.Wallet.Lambda\DinkumCoin.Wallet.Lambda.csproj", "{41DAD969-ED13-4D02-9FA6-1CE678AF8E46}"
EndProject
Project("{9A19103F-16F7-4668-BE54-9A1E7A4F7556}") = "DinkumCoin.Wallet.Lambda.Tests", "test\DinkumCoin.Wallet.Lambda.Tests\DinkumCoin.Wallet.Lambda.Tests.csproj", "{C04BD018-AC62-4D36-B28A-CD6788D47F7F}"
EndProject
Project("{9A19103F-16F7-4668-BE54-9A1E7A4F7556}") = "Build", "build\Build.csproj", "{4DB6A591-31BF-4ED5-AFB8-1117032138B9}"
EndProject
Project("{9A19103F-16F7-4668-BE54-9A1E7A4F7556}") = "DinkumCoin.Core", "src\DinkumCoin.Core\DinkumCoin.Core.csproj", "{C2468849-1258-461C-AB66-E8D772C14756}"
EndProject
Project("{9A19103F-16F7-4668-BE54-9A1E7A4F7556}") = "DinkumCoin.Data", "src\DinkumCoin.Data\DinkumCoin.Data.csproj", "{58AE14D2-B76D-498E-9B31-C5D9610A941C}"
EndProject
Project("{9A19103F-16F7-4668-BE54-9A1E7A4F7556}") = "DinkumCoin.Data.Tests", "test\DinkumCoin.Data.Tests\DinkumCoin.Data.Tests.csproj", "{D541C077-805A-403A-A399-3F506AF72A68}"
EndProject
Project("{2150E333-8FDC-42A3-9474-1A3956D46DE8}") = "src", "src", "{839583B0-04EE-494F-BC23-3086670CB20C}"
EndProject
Project("{2150E333-8FDC-42A3-9474-1A3956D46DE8}") = "test", "test", "{C4F7F346-5561-4D1A-876A-A9C933051470}"
EndProject
Project("{2150E333-8FDC-42A3-9474-1A3956D46DE8}") = "solution", "solution", "{52980CDA-7820-4184-9B3A-5250B316B2D0}"
	ProjectSection(SolutionItems) = preProject
		Jenkinsfile = Jenkinsfile
	EndProjectSection
EndProject
Project("{9A19103F-16F7-4668-BE54-9A1E7A4F7556}") = "DinkumCoin.Api.PactTests", "test\DinkumCoin.Api.PactTests\DinkumCoin.Api.PactTests.csproj", "{7EFB6B5E-220B-4872-9B87-DE504E9969F2}"
EndProject
Project("{FAE04EC0-301F-11D3-BF4B-00C04F79EFBC}") = "DinkumCoin.Api.Client", "src\DinkumCoin.Api.Client\DinkumCoin.Api.Client.csproj", "{9A843FE4-83F0-4132-8A5B-8EBFF01B9D8D}"
EndProject
Project("{FAE04EC0-301F-11D3-BF4B-00C04F79EFBC}") = "DinkumCoin.Api.IntegrationTests", "DinkumCoin.Api.IntegrationTests\DinkumCoin.Api.IntegrationTests.csproj", "{08D5F93D-0C5E-44EE-9147-3C657E74EB4A}"
EndProject
Global
	GlobalSection(SolutionConfigurationPlatforms) = preSolution
		Debug|Any CPU = Debug|Any CPU
		Release|Any CPU = Release|Any CPU
	EndGlobalSection
	GlobalSection(ProjectConfigurationPlatforms) = postSolution
		{41DAD969-ED13-4D02-9FA6-1CE678AF8E46}.Debug|Any CPU.ActiveCfg = Debug|Any CPU
		{41DAD969-ED13-4D02-9FA6-1CE678AF8E46}.Debug|Any CPU.Build.0 = Debug|Any CPU
		{41DAD969-ED13-4D02-9FA6-1CE678AF8E46}.Release|Any CPU.ActiveCfg = Release|Any CPU
		{41DAD969-ED13-4D02-9FA6-1CE678AF8E46}.Release|Any CPU.Build.0 = Release|Any CPU
		{C04BD018-AC62-4D36-B28A-CD6788D47F7F}.Debug|Any CPU.ActiveCfg = Debug|Any CPU
		{C04BD018-AC62-4D36-B28A-CD6788D47F7F}.Debug|Any CPU.Build.0 = Debug|Any CPU
		{C04BD018-AC62-4D36-B28A-CD6788D47F7F}.Release|Any CPU.ActiveCfg = Release|Any CPU
		{C04BD018-AC62-4D36-B28A-CD6788D47F7F}.Release|Any CPU.Build.0 = Release|Any CPU
		{4DB6A591-31BF-4ED5-AFB8-1117032138B9}.Debug|Any CPU.ActiveCfg = Debug|Any CPU
		{4DB6A591-31BF-4ED5-AFB8-1117032138B9}.Debug|Any CPU.Build.0 = Debug|Any CPU
		{4DB6A591-31BF-4ED5-AFB8-1117032138B9}.Release|Any CPU.ActiveCfg = Release|Any CPU
		{4DB6A591-31BF-4ED5-AFB8-1117032138B9}.Release|Any CPU.Build.0 = Release|Any CPU
		{C2468849-1258-461C-AB66-E8D772C14756}.Debug|Any CPU.ActiveCfg = Debug|Any CPU
		{C2468849-1258-461C-AB66-E8D772C14756}.Debug|Any CPU.Build.0 = Debug|Any CPU
		{C2468849-1258-461C-AB66-E8D772C14756}.Release|Any CPU.ActiveCfg = Release|Any CPU
		{C2468849-1258-461C-AB66-E8D772C14756}.Release|Any CPU.Build.0 = Release|Any CPU
		{58AE14D2-B76D-498E-9B31-C5D9610A941C}.Debug|Any CPU.ActiveCfg = Debug|Any CPU
		{58AE14D2-B76D-498E-9B31-C5D9610A941C}.Debug|Any CPU.Build.0 = Debug|Any CPU
		{58AE14D2-B76D-498E-9B31-C5D9610A941C}.Release|Any CPU.ActiveCfg = Release|Any CPU
		{58AE14D2-B76D-498E-9B31-C5D9610A941C}.Release|Any CPU.Build.0 = Release|Any CPU
		{D541C077-805A-403A-A399-3F506AF72A68}.Debug|Any CPU.ActiveCfg = Debug|Any CPU
		{D541C077-805A-403A-A399-3F506AF72A68}.Debug|Any CPU.Build.0 = Debug|Any CPU
		{D541C077-805A-403A-A399-3F506AF72A68}.Release|Any CPU.ActiveCfg = Release|Any CPU
		{D541C077-805A-403A-A399-3F506AF72A68}.Release|Any CPU.Build.0 = Release|Any CPU
		{7EFB6B5E-220B-4872-9B87-DE504E9969F2}.Debug|Any CPU.ActiveCfg = Debug|Any CPU
		{7EFB6B5E-220B-4872-9B87-DE504E9969F2}.Debug|Any CPU.Build.0 = Debug|Any CPU
		{7EFB6B5E-220B-4872-9B87-DE504E9969F2}.Release|Any CPU.ActiveCfg = Release|Any CPU
		{7EFB6B5E-220B-4872-9B87-DE504E9969F2}.Release|Any CPU.Build.0 = Release|Any CPU
		{9A843FE4-83F0-4132-8A5B-8EBFF01B9D8D}.Debug|Any CPU.ActiveCfg = Debug|Any CPU
		{9A843FE4-83F0-4132-8A5B-8EBFF01B9D8D}.Debug|Any CPU.Build.0 = Debug|Any CPU
		{9A843FE4-83F0-4132-8A5B-8EBFF01B9D8D}.Release|Any CPU.ActiveCfg = Release|Any CPU
		{9A843FE4-83F0-4132-8A5B-8EBFF01B9D8D}.Release|Any CPU.Build.0 = Release|Any CPU
		{08D5F93D-0C5E-44EE-9147-3C657E74EB4A}.Debug|Any CPU.ActiveCfg = Debug|Any CPU
		{08D5F93D-0C5E-44EE-9147-3C657E74EB4A}.Debug|Any CPU.Build.0 = Debug|Any CPU
		{08D5F93D-0C5E-44EE-9147-3C657E74EB4A}.Release|Any CPU.ActiveCfg = Release|Any CPU
		{08D5F93D-0C5E-44EE-9147-3C657E74EB4A}.Release|Any CPU.Build.0 = Release|Any CPU
	EndGlobalSection
	GlobalSection(SolutionProperties) = preSolution
		HideSolutionNode = FALSE
	EndGlobalSection
	GlobalSection(NestedProjects) = preSolution
		{41DAD969-ED13-4D02-9FA6-1CE678AF8E46} = {839583B0-04EE-494F-BC23-3086670CB20C}
		{C04BD018-AC62-4D36-B28A-CD6788D47F7F} = {C4F7F346-5561-4D1A-876A-A9C933051470}
		{C2468849-1258-461C-AB66-E8D772C14756} = {839583B0-04EE-494F-BC23-3086670CB20C}
		{58AE14D2-B76D-498E-9B31-C5D9610A941C} = {839583B0-04EE-494F-BC23-3086670CB20C}
		{D541C077-805A-403A-A399-3F506AF72A68} = {C4F7F346-5561-4D1A-876A-A9C933051470}
		{7EFB6B5E-220B-4872-9B87-DE504E9969F2} = {C4F7F346-5561-4D1A-876A-A9C933051470}
		{9A843FE4-83F0-4132-8A5B-8EBFF01B9D8D} = {839583B0-04EE-494F-BC23-3086670CB20C}
		{08D5F93D-0C5E-44EE-9147-3C657E74EB4A} = {C4F7F346-5561-4D1A-876A-A9C933051470}
	EndGlobalSection
	GlobalSection(ExtensibilityGlobals) = postSolution
		SolutionGuid = {7D410330-2FE5-4380-82A2-3C043821C1E9}
	EndGlobalSection
	GlobalSection(MonoDevelopProperties) = preSolution
		Policies = $0
		$0.DotNetNamingPolicy = $1
		$1.DirectoryNamespaceAssociation = PrefixedHierarchical
		$0.TextStylePolicy = $3
		$2.FileWidth = 80
		$2.TabsToSpaces = True
		$2.scope = text/plain
		$3.inheritsSet = null
		$3.scope = text/x-csharp
		$0.CSharpFormattingPolicy = $4
		$4.scope = text/x-csharp
		$0.StandardHeader = $5
		$0.VersionControlPolicy = $6
	EndGlobalSection
EndGlobal
